github.com/ericpauley/go-quantize v0.0.0-20200331213906-ae555eb2afa4 h1:BBade+JlV/f7JstZ4pitd4tHhpN+w+6I+LyOS7B4fyU=
github.com/ericpauley/go-quantize v0.0.0-20200331213906-ae555eb2afa4/go.mod h1:H7chHJglrhPPzetLdzBleF8d22WYOv7UM/lEKYiwlKM=
github.com/google/uuid v1.6.0 h1:NIvaJDMOsjHA8n1jAhLSgzrAzy1Hgr+hNrb57e+94F0=
github.com/google/uuid v1.6.0/go.mod h1:TIyPZe4MgqvfeYDBFedMoGGpEw/LqOeaOT+nhxU+yHo=
golang.org/x/image v0.18.0 h1:jGzIakQa/ZXI1I0Fxvaa9W7yP25TqT6cHIHn+6CqvSQ=
golang.org/x/image v0.18.0/go.mod h1:4yyo5vMFQjVjUcVk4jEQcU9MGy/rulF5WvUILseCM2E=
rsc.io/pdf v0.1.1 h1:k1MczvYDUvJBe93bYd7wrZLLUEcLZAuF824/I4e5Xr4=
rsc.io/pdf v0.1.1/go.mod h1:n8OzWcQ6Sp37PL01nO98y4iUCRdTGarVfzxY20ICaU4=
